
Microsoft Visual Studio Solution File, Format Version 12.00
Project("{2150E333-8FDC-42A3-9474-1A3956D46DE8}") = "Thread", "Thread", "{0628F071-8F0B-4C12-B7B9-D0834162971A}"
EndProject
Project("{2150E333-8FDC-42A3-9474-1A3956D46DE8}") = "Task", "Task", "{CAAA1327-E168-4215-93FE-E939AA4EB208}"
EndProject
Project("{2150E333-8FDC-42A3-9474-1A3956D46DE8}") = "AsyncAwait", "AsyncAwait", "{02929188-55E3-4EEC-9C4D-64C59F4F7F91}"
EndProject
Project("{FAE04EC0-301F-11D3-BF4B-00C04F79EFBC}") = "Exercicio1", "Exercicio1\Exercicio1.csproj", "{6645687A-164E-417D-B2E8-738F5D94998D}"
EndProject
Project("{FAE04EC0-301F-11D3-BF4B-00C04F79EFBC}") = "Exercicio2", "Exercicio2\Exercicio2.csproj", "{6BA72324-7A67-44DF-8E74-B0ABB496898C}"
EndProject
Project("{FAE04EC0-301F-11D3-BF4B-00C04F79EFBC}") = "Exercicio3", "Exercicio3\Exercicio3.csproj", "{D176076A-E0D9-4EB3-AC67-345568677E6C}"
EndProject
Project("{2150E333-8FDC-42A3-9474-1A3956D46DE8}") = "Sincronizadores", "Sincronizadores", "{6F813557-8C60-4728-A1B8-10F5A5DF6622}"
EndProject
Project("{FAE04EC0-301F-11D3-BF4B-00C04F79EFBC}") = "Lock", "Lock\Lock.csproj", "{B6873D75-512A-452D-9875-6483FF808FD2}"
EndProject
Project("{FAE04EC0-301F-11D3-BF4B-00C04F79EFBC}") = "Mutex", "Mutex\Mutex.csproj", "{848D6855-BEA7-4C74-B0EB-8C724BD4BBC7}"
EndProject
Project("{FAE04EC0-301F-11D3-BF4B-00C04F79EFBC}") = "Semaforo", "Semaforo\Semaforo.csproj", "{5F74A0FD-960D-4BDC-ACA2-348609E2CC62}"
EndProject
Project("{FAE04EC0-301F-11D3-BF4B-00C04F79EFBC}") = "Exercicio4", "Exercicio4\Exercicio4.csproj", "{B400DEDC-1587-4FFD-81EE-3A939A25F04C}"
EndProject
Project("{FAE04EC0-301F-11D3-BF4B-00C04F79EFBC}") = "Exercicio5", "Exercicio5\Exercicio5.csproj", "{2FF7F6B1-3A11-4491-9CD5-CBE0578DEE88}"
EndProject
Project("{FAE04EC0-301F-11D3-BF4B-00C04F79EFBC}") = "Exercicio6", "Exercicio6\Exercicio6.csproj", "{03CB7B90-C389-44CF-9396-97C509E5FF98}"
EndProject
Project("{FAE04EC0-301F-11D3-BF4B-00C04F79EFBC}") = "Exercicio7", "Exercicio7\Exercicio7.csproj", "{21738B6E-2DA2-430D-8AD5-4E9344036362}"
EndProject
Project("{FAE04EC0-301F-11D3-BF4B-00C04F79EFBC}") = "Exercicio8", "Exercicio8\Exercicio8.csproj", "{2D368D2F-65D5-4B2F-8581-AAE1257770ED}"
EndProject
Project("{FAE04EC0-301F-11D3-BF4B-00C04F79EFBC}") = "Exercicio9", "Exercicio9\Exercicio9.csproj", "{81618352-D88C-4478-94DE-493DC54E1D81}"
EndProject
Project("{2150E333-8FDC-42A3-9474-1A3956D46DE8}") = "AlgoritmosClassicos", "AlgoritmosClassicos", "{6FD44E89-D5C7-4F39-8AD2-45943346B763}"
EndProject
Project("{FAE04EC0-301F-11D3-BF4B-00C04F79EFBC}") = "LeitoresEscritores", "LeitoresEscritores\LeitoresEscritores.csproj", "{A6A237F0-72F7-4C96-AC36-BAC496CD13BA}"
EndProject
Project("{FAE04EC0-301F-11D3-BF4B-00C04F79EFBC}") = "JantarDosFilosofos", "JantarDosFilosofos\JantarDosFilosofos.csproj", "{9A3297A9-29A2-4E98-8C2C-44F595781BD5}"
EndProject
Project("{FAE04EC0-301F-11D3-BF4B-00C04F79EFBC}") = "ProdutorConsumidor", "ProdutorConsumidor\ProdutorConsumidor.csproj", "{CC45825A-1886-42B7-8E62-61659900C047}"
EndProject
Project("{FAE04EC0-301F-11D3-BF4B-00C04F79EFBC}") = "BarbeiroDorminhoco", "BarbeiroDorminhoco\BarbeiroDorminhoco.csproj", "{DB8C69BD-53F5-4DF6-B4AF-F87772796FC8}"
EndProject
Project("{FAE04EC0-301F-11D3-BF4B-00C04F79EFBC}") = "Exercicio10", "Exercicio10\Exercicio10.csproj", "{3ECDF16B-B3BC-4D8A-AA31-26342B7D501E}"
EndProject
Project("{FAE04EC0-301F-11D3-BF4B-00C04F79EFBC}") = "Deadlock", "Deadlock\Deadlock.csproj", "{18FA4443-1EA2-4331-94FF-02236C53B145}"
EndProject
Project("{FAE04EC0-301F-11D3-BF4B-00C04F79EFBC}") = "AsyncMethod", "AsyncMethod\AsyncMethod.csproj", "{6A55F9A3-0616-4A10-B6B4-86089C488747}"
EndProject
Project("{FAE04EC0-301F-11D3-BF4B-00C04F79EFBC}") = "AsyncLocal", "AsyncLocal\AsyncLocal.csproj", "{5D194301-54C5-4EEC-8FCB-6C150470762F}"
EndProject
Global
	GlobalSection(SolutionConfigurationPlatforms) = preSolution
		Debug|Any CPU = Debug|Any CPU
		Release|Any CPU = Release|Any CPU
	EndGlobalSection
	GlobalSection(NestedProjects) = preSolution
		{6645687A-164E-417D-B2E8-738F5D94998D} = {0628F071-8F0B-4C12-B7B9-D0834162971A}
		{6BA72324-7A67-44DF-8E74-B0ABB496898C} = {0628F071-8F0B-4C12-B7B9-D0834162971A}
		{D176076A-E0D9-4EB3-AC67-345568677E6C} = {0628F071-8F0B-4C12-B7B9-D0834162971A}
		{6F813557-8C60-4728-A1B8-10F5A5DF6622} = {0628F071-8F0B-4C12-B7B9-D0834162971A}
		{B6873D75-512A-452D-9875-6483FF808FD2} = {6F813557-8C60-4728-A1B8-10F5A5DF6622}
		{848D6855-BEA7-4C74-B0EB-8C724BD4BBC7} = {6F813557-8C60-4728-A1B8-10F5A5DF6622}
		{5F74A0FD-960D-4BDC-ACA2-348609E2CC62} = {6F813557-8C60-4728-A1B8-10F5A5DF6622}
		{B400DEDC-1587-4FFD-81EE-3A939A25F04C} = {0628F071-8F0B-4C12-B7B9-D0834162971A}
		{2FF7F6B1-3A11-4491-9CD5-CBE0578DEE88} = {0628F071-8F0B-4C12-B7B9-D0834162971A}
		{03CB7B90-C389-44CF-9396-97C509E5FF98} = {0628F071-8F0B-4C12-B7B9-D0834162971A}
		{21738B6E-2DA2-430D-8AD5-4E9344036362} = {0628F071-8F0B-4C12-B7B9-D0834162971A}
		{6FD44E89-D5C7-4F39-8AD2-45943346B763} = {0628F071-8F0B-4C12-B7B9-D0834162971A}
		{A6A237F0-72F7-4C96-AC36-BAC496CD13BA} = {6FD44E89-D5C7-4F39-8AD2-45943346B763}
		{9A3297A9-29A2-4E98-8C2C-44F595781BD5} = {6FD44E89-D5C7-4F39-8AD2-45943346B763}
		{CC45825A-1886-42B7-8E62-61659900C047} = {6FD44E89-D5C7-4F39-8AD2-45943346B763}
		{DB8C69BD-53F5-4DF6-B4AF-F87772796FC8} = {6FD44E89-D5C7-4F39-8AD2-45943346B763}
		{18FA4443-1EA2-4331-94FF-02236C53B145} = {6F813557-8C60-4728-A1B8-10F5A5DF6622}
		{6A55F9A3-0616-4A10-B6B4-86089C488747} = {02929188-55E3-4EEC-9C4D-64C59F4F7F91}
		{2D368D2F-65D5-4B2F-8581-AAE1257770ED} = {CAAA1327-E168-4215-93FE-E939AA4EB208}
		{81618352-D88C-4478-94DE-493DC54E1D81} = {CAAA1327-E168-4215-93FE-E939AA4EB208}
		{3ECDF16B-B3BC-4D8A-AA31-26342B7D501E} = {02929188-55E3-4EEC-9C4D-64C59F4F7F91}
		{5D194301-54C5-4EEC-8FCB-6C150470762F} = {02929188-55E3-4EEC-9C4D-64C59F4F7F91}
	EndGlobalSection
	GlobalSection(ProjectConfigurationPlatforms) = postSolution
		{6645687A-164E-417D-B2E8-738F5D94998D}.Debug|Any CPU.ActiveCfg = Debug|Any CPU
		{6645687A-164E-417D-B2E8-738F5D94998D}.Debug|Any CPU.Build.0 = Debug|Any CPU
		{6645687A-164E-417D-B2E8-738F5D94998D}.Release|Any CPU.ActiveCfg = Release|Any CPU
		{6645687A-164E-417D-B2E8-738F5D94998D}.Release|Any CPU.Build.0 = Release|Any CPU
		{6BA72324-7A67-44DF-8E74-B0ABB496898C}.Debug|Any CPU.ActiveCfg = Debug|Any CPU
		{6BA72324-7A67-44DF-8E74-B0ABB496898C}.Debug|Any CPU.Build.0 = Debug|Any CPU
		{6BA72324-7A67-44DF-8E74-B0ABB496898C}.Release|Any CPU.ActiveCfg = Release|Any CPU
		{6BA72324-7A67-44DF-8E74-B0ABB496898C}.Release|Any CPU.Build.0 = Release|Any CPU
		{D176076A-E0D9-4EB3-AC67-345568677E6C}.Debug|Any CPU.ActiveCfg = Debug|Any CPU
		{D176076A-E0D9-4EB3-AC67-345568677E6C}.Debug|Any CPU.Build.0 = Debug|Any CPU
		{D176076A-E0D9-4EB3-AC67-345568677E6C}.Release|Any CPU.ActiveCfg = Release|Any CPU
		{D176076A-E0D9-4EB3-AC67-345568677E6C}.Release|Any CPU.Build.0 = Release|Any CPU
		{B6873D75-512A-452D-9875-6483FF808FD2}.Debug|Any CPU.ActiveCfg = Debug|Any CPU
		{B6873D75-512A-452D-9875-6483FF808FD2}.Debug|Any CPU.Build.0 = Debug|Any CPU
		{B6873D75-512A-452D-9875-6483FF808FD2}.Release|Any CPU.ActiveCfg = Release|Any CPU
		{B6873D75-512A-452D-9875-6483FF808FD2}.Release|Any CPU.Build.0 = Release|Any CPU
		{848D6855-BEA7-4C74-B0EB-8C724BD4BBC7}.Debug|Any CPU.ActiveCfg = Debug|Any CPU
		{848D6855-BEA7-4C74-B0EB-8C724BD4BBC7}.Debug|Any CPU.Build.0 = Debug|Any CPU
		{848D6855-BEA7-4C74-B0EB-8C724BD4BBC7}.Release|Any CPU.ActiveCfg = Release|Any CPU
		{848D6855-BEA7-4C74-B0EB-8C724BD4BBC7}.Release|Any CPU.Build.0 = Release|Any CPU
		{5F74A0FD-960D-4BDC-ACA2-348609E2CC62}.Debug|Any CPU.ActiveCfg = Debug|Any CPU
		{5F74A0FD-960D-4BDC-ACA2-348609E2CC62}.Debug|Any CPU.Build.0 = Debug|Any CPU
		{5F74A0FD-960D-4BDC-ACA2-348609E2CC62}.Release|Any CPU.ActiveCfg = Release|Any CPU
		{5F74A0FD-960D-4BDC-ACA2-348609E2CC62}.Release|Any CPU.Build.0 = Release|Any CPU
		{B400DEDC-1587-4FFD-81EE-3A939A25F04C}.Debug|Any CPU.ActiveCfg = Debug|Any CPU
		{B400DEDC-1587-4FFD-81EE-3A939A25F04C}.Debug|Any CPU.Build.0 = Debug|Any CPU
		{B400DEDC-1587-4FFD-81EE-3A939A25F04C}.Release|Any CPU.ActiveCfg = Release|Any CPU
		{B400DEDC-1587-4FFD-81EE-3A939A25F04C}.Release|Any CPU.Build.0 = Release|Any CPU
		{2FF7F6B1-3A11-4491-9CD5-CBE0578DEE88}.Debug|Any CPU.ActiveCfg = Debug|Any CPU
		{2FF7F6B1-3A11-4491-9CD5-CBE0578DEE88}.Debug|Any CPU.Build.0 = Debug|Any CPU
		{2FF7F6B1-3A11-4491-9CD5-CBE0578DEE88}.Release|Any CPU.ActiveCfg = Release|Any CPU
		{2FF7F6B1-3A11-4491-9CD5-CBE0578DEE88}.Release|Any CPU.Build.0 = Release|Any CPU
		{03CB7B90-C389-44CF-9396-97C509E5FF98}.Debug|Any CPU.ActiveCfg = Debug|Any CPU
		{03CB7B90-C389-44CF-9396-97C509E5FF98}.Debug|Any CPU.Build.0 = Debug|Any CPU
		{03CB7B90-C389-44CF-9396-97C509E5FF98}.Release|Any CPU.ActiveCfg = Release|Any CPU
		{03CB7B90-C389-44CF-9396-97C509E5FF98}.Release|Any CPU.Build.0 = Release|Any CPU
		{21738B6E-2DA2-430D-8AD5-4E9344036362}.Debug|Any CPU.ActiveCfg = Debug|Any CPU
		{21738B6E-2DA2-430D-8AD5-4E9344036362}.Debug|Any CPU.Build.0 = Debug|Any CPU
		{21738B6E-2DA2-430D-8AD5-4E9344036362}.Release|Any CPU.ActiveCfg = Release|Any CPU
		{21738B6E-2DA2-430D-8AD5-4E9344036362}.Release|Any CPU.Build.0 = Release|Any CPU
		{2D368D2F-65D5-4B2F-8581-AAE1257770ED}.Debug|Any CPU.ActiveCfg = Debug|Any CPU
		{2D368D2F-65D5-4B2F-8581-AAE1257770ED}.Debug|Any CPU.Build.0 = Debug|Any CPU
		{2D368D2F-65D5-4B2F-8581-AAE1257770ED}.Release|Any CPU.ActiveCfg = Release|Any CPU
		{2D368D2F-65D5-4B2F-8581-AAE1257770ED}.Release|Any CPU.Build.0 = Release|Any CPU
		{81618352-D88C-4478-94DE-493DC54E1D81}.Debug|Any CPU.ActiveCfg = Debug|Any CPU
		{81618352-D88C-4478-94DE-493DC54E1D81}.Debug|Any CPU.Build.0 = Debug|Any CPU
		{81618352-D88C-4478-94DE-493DC54E1D81}.Release|Any CPU.ActiveCfg = Release|Any CPU
		{81618352-D88C-4478-94DE-493DC54E1D81}.Release|Any CPU.Build.0 = Release|Any CPU
		{A6A237F0-72F7-4C96-AC36-BAC496CD13BA}.Debug|Any CPU.ActiveCfg = Debug|Any CPU
		{A6A237F0-72F7-4C96-AC36-BAC496CD13BA}.Debug|Any CPU.Build.0 = Debug|Any CPU
		{A6A237F0-72F7-4C96-AC36-BAC496CD13BA}.Release|Any CPU.ActiveCfg = Release|Any CPU
		{A6A237F0-72F7-4C96-AC36-BAC496CD13BA}.Release|Any CPU.Build.0 = Release|Any CPU
		{9A3297A9-29A2-4E98-8C2C-44F595781BD5}.Debug|Any CPU.ActiveCfg = Debug|Any CPU
		{9A3297A9-29A2-4E98-8C2C-44F595781BD5}.Debug|Any CPU.Build.0 = Debug|Any CPU
		{9A3297A9-29A2-4E98-8C2C-44F595781BD5}.Release|Any CPU.ActiveCfg = Release|Any CPU
		{9A3297A9-29A2-4E98-8C2C-44F595781BD5}.Release|Any CPU.Build.0 = Release|Any CPU
		{CC45825A-1886-42B7-8E62-61659900C047}.Debug|Any CPU.ActiveCfg = Debug|Any CPU
		{CC45825A-1886-42B7-8E62-61659900C047}.Debug|Any CPU.Build.0 = Debug|Any CPU
		{CC45825A-1886-42B7-8E62-61659900C047}.Release|Any CPU.ActiveCfg = Release|Any CPU
		{CC45825A-1886-42B7-8E62-61659900C047}.Release|Any CPU.Build.0 = Release|Any CPU
		{DB8C69BD-53F5-4DF6-B4AF-F87772796FC8}.Debug|Any CPU.ActiveCfg = Debug|Any CPU
		{DB8C69BD-53F5-4DF6-B4AF-F87772796FC8}.Debug|Any CPU.Build.0 = Debug|Any CPU
		{DB8C69BD-53F5-4DF6-B4AF-F87772796FC8}.Release|Any CPU.ActiveCfg = Release|Any CPU
		{DB8C69BD-53F5-4DF6-B4AF-F87772796FC8}.Release|Any CPU.Build.0 = Release|Any CPU
		{3ECDF16B-B3BC-4D8A-AA31-26342B7D501E}.Debug|Any CPU.ActiveCfg = Debug|Any CPU
		{3ECDF16B-B3BC-4D8A-AA31-26342B7D501E}.Debug|Any CPU.Build.0 = Debug|Any CPU
		{3ECDF16B-B3BC-4D8A-AA31-26342B7D501E}.Release|Any CPU.ActiveCfg = Release|Any CPU
		{3ECDF16B-B3BC-4D8A-AA31-26342B7D501E}.Release|Any CPU.Build.0 = Release|Any CPU
		{18FA4443-1EA2-4331-94FF-02236C53B145}.Debug|Any CPU.ActiveCfg = Debug|Any CPU
		{18FA4443-1EA2-4331-94FF-02236C53B145}.Debug|Any CPU.Build.0 = Debug|Any CPU
		{18FA4443-1EA2-4331-94FF-02236C53B145}.Release|Any CPU.ActiveCfg = Release|Any CPU
		{18FA4443-1EA2-4331-94FF-02236C53B145}.Release|Any CPU.Build.0 = Release|Any CPU
		{6A55F9A3-0616-4A10-B6B4-86089C488747}.Debug|Any CPU.ActiveCfg = Debug|Any CPU
		{6A55F9A3-0616-4A10-B6B4-86089C488747}.Debug|Any CPU.Build.0 = Debug|Any CPU
		{6A55F9A3-0616-4A10-B6B4-86089C488747}.Release|Any CPU.ActiveCfg = Release|Any CPU
		{6A55F9A3-0616-4A10-B6B4-86089C488747}.Release|Any CPU.Build.0 = Release|Any CPU
		{5D194301-54C5-4EEC-8FCB-6C150470762F}.Debug|Any CPU.ActiveCfg = Debug|Any CPU
		{5D194301-54C5-4EEC-8FCB-6C150470762F}.Debug|Any CPU.Build.0 = Debug|Any CPU
		{5D194301-54C5-4EEC-8FCB-6C150470762F}.Release|Any CPU.ActiveCfg = Release|Any CPU
		{5D194301-54C5-4EEC-8FCB-6C150470762F}.Release|Any CPU.Build.0 = Release|Any CPU
	EndGlobalSection
EndGlobal
